
Microsoft Visual Studio Solution File, Format Version 12.00
# Visual Studio Version 17
VisualStudioVersion = 17.10.35122.118
MinimumVisualStudioVersion = 10.0.40219.1
Project("{FAE04EC0-301F-11D3-BF4B-00C04F79EFBC}") = "Repositorio", "Repositorio\Repositorio.csproj", "{40F65748-B21E-41F9-964A-70EFAB46542E}"
EndProject
Project("{FAE04EC0-301F-11D3-BF4B-00C04F79EFBC}") = "Web", "Web\Web.csproj", "{8D7F2662-D448-45CD-9115-C57592F152A4}"
EndProject
Project("{FAE04EC0-301F-11D3-BF4B-00C04F79EFBC}") = "Dominio", "Dominio\Dominio.csproj", "{4A9B5C34-E528-4619-85FB-13C67F649FE5}"
EndProject
Global
	GlobalSection(SolutionConfigurationPlatforms) = preSolution
		Debug|Any CPU = Debug|Any CPU
		Release|Any CPU = Release|Any CPU
	EndGlobalSection
	GlobalSection(ProjectConfigurationPlatforms) = postSolution
		{40F65748-B21E-41F9-964A-70EFAB46542E}.Debug|Any CPU.ActiveCfg = Debug|Any CPU
		{40F65748-B21E-41F9-964A-70EFAB46542E}.Debug|Any CPU.Build.0 = Debug|Any CPU
		{40F65748-B21E-41F9-964A-70EFAB46542E}.Release|Any CPU.ActiveCfg = Release|Any CPU
		{40F65748-B21E-41F9-964A-70EFAB46542E}.Release|Any CPU.Build.0 = Release|Any CPU
		{8D7F2662-D448-45CD-9115-C57592F152A4}.Debug|Any CPU.ActiveCfg = Debug|Any CPU
		{8D7F2662-D448-45CD-9115-C57592F152A4}.Debug|Any CPU.Build.0 = Debug|Any CPU
		{8D7F2662-D448-45CD-9115-C57592F152A4}.Release|Any CPU.ActiveCfg = Release|Any CPU
		{8D7F2662-D448-45CD-9115-C57592F152A4}.Release|Any CPU.Build.0 = Release|Any CPU
		{4A9B5C34-E528-4619-85FB-13C67F649FE5}.Debug|Any CPU.ActiveCfg = Debug|Any CPU
		{4A9B5C34-E528-4619-85FB-13C67F649FE5}.Debug|Any CPU.Build.0 = Debug|Any CPU
		{4A9B5C34-E528-4619-85FB-13C67F649FE5}.Release|Any CPU.ActiveCfg = Release|Any CPU
		{4A9B5C34-E528-4619-85FB-13C67F649FE5}.Release|Any CPU.Build.0 = Release|Any CPU
	EndGlobalSection
	GlobalSection(SolutionProperties) = preSolution
		HideSolutionNode = FALSE
	EndGlobalSection
	GlobalSection(ExtensibilityGlobals) = postSolution
		SolutionGuid = {F395B39C-D5EE-4B32-B3C3-A3AEDF6585E6}
	EndGlobalSection
EndGlobal
